
Microsoft Visual Studio Solution File, Format Version 12.00
# Visual Studio Version 17
VisualStudioVersion = 17.1.32421.90
MinimumVisualStudioVersion = 10.0.40219.1
Project("{FAE04EC0-301F-11D3-BF4B-00C04F79EFBC}") = "Kerb.AuthTester", "Kerb.AuthTester.csproj", "{53D21C1E-FBE1-42BD-88C8-2F53866D97D3}"
EndProject
Project("{FAE04EC0-301F-11D3-BF4B-00C04F79EFBC}") = "LCLib.Asn1Processor", "LCLib.Asn1Processor\LCLib.Asn1Processor.csproj", "{7E09679B-FECC-41B2-834D-D8DED02C458B}"
EndProject
Project("{FAE04EC0-301F-11D3-BF4B-00C04F79EFBC}") = "LipingShare.LCLib.Asn1Processor", "LipingShare.LCLib.Asn1Processor\LipingShare.LCLib.Asn1Processor.csproj", "{4D84E4C0-25C8-4B6D-93CE-8772C40C7636}"
EndProject
Global
	GlobalSection(SolutionConfigurationPlatforms) = preSolution
		Debug|Any CPU = Debug|Any CPU
		Release|Any CPU = Release|Any CPU
	EndGlobalSection
	GlobalSection(ProjectConfigurationPlatforms) = postSolution
		{53D21C1E-FBE1-42BD-88C8-2F53866D97D3}.Debug|Any CPU.ActiveCfg = Debug|Any CPU
		{53D21C1E-FBE1-42BD-88C8-2F53866D97D3}.Debug|Any CPU.Build.0 = Debug|Any CPU
		{53D21C1E-FBE1-42BD-88C8-2F53866D97D3}.Release|Any CPU.ActiveCfg = Release|Any CPU
		{53D21C1E-FBE1-42BD-88C8-2F53866D97D3}.Release|Any CPU.Build.0 = Release|Any CPU
		{7E09679B-FECC-41B2-834D-D8DED02C458B}.Debug|Any CPU.ActiveCfg = Debug|Any CPU
		{7E09679B-FECC-41B2-834D-D8DED02C458B}.Debug|Any CPU.Build.0 = Debug|Any CPU
		{7E09679B-FECC-41B2-834D-D8DED02C458B}.Release|Any CPU.ActiveCfg = Release|Any CPU
		{7E09679B-FECC-41B2-834D-D8DED02C458B}.Release|Any CPU.Build.0 = Release|Any CPU
		{4D84E4C0-25C8-4B6D-93CE-8772C40C7636}.Debug|Any CPU.ActiveCfg = Debug|Any CPU
		{4D84E4C0-25C8-4B6D-93CE-8772C40C7636}.Debug|Any CPU.Build.0 = Debug|Any CPU
		{4D84E4C0-25C8-4B6D-93CE-8772C40C7636}.Release|Any CPU.ActiveCfg = Release|Any CPU
		{4D84E4C0-25C8-4B6D-93CE-8772C40C7636}.Release|Any CPU.Build.0 = Release|Any CPU
	EndGlobalSection
	GlobalSection(SolutionProperties) = preSolution
		HideSolutionNode = FALSE
	EndGlobalSection
	GlobalSection(ExtensibilityGlobals) = postSolution
		SolutionGuid = {5A2E3176-83D5-419F-A96F-688AAE497D15}
	EndGlobalSection
EndGlobal
